
Microsoft Visual Studio Solution File, Format Version 12.00
# Visual Studio 2012
Project("{FAE04EC0-301F-11D3-BF4B-00C04F79EFBC}") = "vt14-1-2-kassakvitto", "vt14-1-2-kassakvitto\vt14-1-2-kassakvitto.csproj", "{06A21BF9-0205-4DE5-A86A-5C9B053570BE}"
EndProject
Global
	GlobalSection(SolutionConfigurationPlatforms) = preSolution
		Debug|Any CPU = Debug|Any CPU
		Release|Any CPU = Release|Any CPU
	EndGlobalSection
	GlobalSection(ProjectConfigurationPlatforms) = postSolution
		{06A21BF9-0205-4DE5-A86A-5C9B053570BE}.Debug|Any CPU.ActiveCfg = Debug|Any CPU
		{06A21BF9-0205-4DE5-A86A-5C9B053570BE}.Debug|Any CPU.Build.0 = Debug|Any CPU
		{06A21BF9-0205-4DE5-A86A-5C9B053570BE}.Release|Any CPU.ActiveCfg = Release|Any CPU
		{06A21BF9-0205-4DE5-A86A-5C9B053570BE}.Release|Any CPU.Build.0 = Release|Any CPU
	EndGlobalSection
	GlobalSection(SolutionProperties) = preSolution
		HideSolutionNode = FALSE
	EndGlobalSection
EndGlobal
